
Microsoft Visual Studio Solution File, Format Version 12.00
# Visual Studio Version 16
VisualStudioVersion = 16.0.31613.86
MinimumVisualStudioVersion = 10.0.40219.1
Project("{FAE04EC0-301F-11D3-BF4B-00C04F79EFBC}") = "First_test_project", "First_test_project\First_test_project.csproj", "{816CDB1E-82EC-4562-8363-051DE7B35BAC}"
EndProject
Global
	GlobalSection(SolutionConfigurationPlatforms) = preSolution
		Debug|Any CPU = Debug|Any CPU
		Release|Any CPU = Release|Any CPU
	EndGlobalSection
	GlobalSection(ProjectConfigurationPlatforms) = postSolution
		{816CDB1E-82EC-4562-8363-051DE7B35BAC}.Debug|Any CPU.ActiveCfg = Debug|Any CPU
		{816CDB1E-82EC-4562-8363-051DE7B35BAC}.Debug|Any CPU.Build.0 = Debug|Any CPU
		{816CDB1E-82EC-4562-8363-051DE7B35BAC}.Release|Any CPU.ActiveCfg = Release|Any CPU
		{816CDB1E-82EC-4562-8363-051DE7B35BAC}.Release|Any CPU.Build.0 = Release|Any CPU
	EndGlobalSection
	GlobalSection(SolutionProperties) = preSolution
		HideSolutionNode = FALSE
	EndGlobalSection
	GlobalSection(ExtensibilityGlobals) = postSolution
		SolutionGuid = {1DF90373-5388-4F74-81CD-E6C85C5463F5}
	EndGlobalSection
EndGlobal
